
Microsoft Visual Studio Solution File, Format Version 12.00
# Visual Studio Version 17
VisualStudioVersion = 17.1.32421.90
MinimumVisualStudioVersion = 10.0.40219.1
Project("{FAE04EC0-301F-11D3-BF4B-00C04F79EFBC}") = "DONEMPROGRAMLAYICI", "DONEMPROGRAMLAYICI\DONEMPROGRAMLAYICI.csproj", "{C827E4FC-6846-4197-BD50-941CD57C0868}"
EndProject
Global
	GlobalSection(SolutionConfigurationPlatforms) = preSolution
		Debug|Any CPU = Debug|Any CPU
		Release|Any CPU = Release|Any CPU
	EndGlobalSection
	GlobalSection(ProjectConfigurationPlatforms) = postSolution
		{C827E4FC-6846-4197-BD50-941CD57C0868}.Debug|Any CPU.ActiveCfg = Debug|Any CPU
		{C827E4FC-6846-4197-BD50-941CD57C0868}.Debug|Any CPU.Build.0 = Debug|Any CPU
		{C827E4FC-6846-4197-BD50-941CD57C0868}.Release|Any CPU.ActiveCfg = Release|Any CPU
		{C827E4FC-6846-4197-BD50-941CD57C0868}.Release|Any CPU.Build.0 = Release|Any CPU
	EndGlobalSection
	GlobalSection(SolutionProperties) = preSolution
		HideSolutionNode = FALSE
	EndGlobalSection
	GlobalSection(ExtensibilityGlobals) = postSolution
		SolutionGuid = {0207219C-C583-432E-99F3-01E152B536D7}
	EndGlobalSection
EndGlobal
